
Microsoft Visual Studio Solution File, Format Version 12.00
# Visual Studio Version 17
VisualStudioVersion = 17.0.32126.317
MinimumVisualStudioVersion = 10.0.40219.1
Project("{9A19103F-16F7-4668-BE54-9A1E7A4F7556}") = "Ticketing", "RabbitMQ\Ticketing.csproj", "{4D01A4F6-5C45-4698-A2F5-8E95DCFAC575}"
EndProject
Project("{FAE04EC0-301F-11D3-BF4B-00C04F79EFBC}") = "Order_Processing", "Order_Processing\Order_Processing.csproj", "{7F65C330-2E7D-48EE-91EA-B92B09253226}"
EndProject
Global
	GlobalSection(SolutionConfigurationPlatforms) = preSolution
		Debug|Any CPU = Debug|Any CPU
		Release|Any CPU = Release|Any CPU
	EndGlobalSection
	GlobalSection(ProjectConfigurationPlatforms) = postSolution
		{4D01A4F6-5C45-4698-A2F5-8E95DCFAC575}.Debug|Any CPU.ActiveCfg = Debug|Any CPU
		{4D01A4F6-5C45-4698-A2F5-8E95DCFAC575}.Debug|Any CPU.Build.0 = Debug|Any CPU
		{4D01A4F6-5C45-4698-A2F5-8E95DCFAC575}.Release|Any CPU.ActiveCfg = Release|Any CPU
		{4D01A4F6-5C45-4698-A2F5-8E95DCFAC575}.Release|Any CPU.Build.0 = Release|Any CPU
		{7F65C330-2E7D-48EE-91EA-B92B09253226}.Debug|Any CPU.ActiveCfg = Debug|Any CPU
		{7F65C330-2E7D-48EE-91EA-B92B09253226}.Debug|Any CPU.Build.0 = Debug|Any CPU
		{7F65C330-2E7D-48EE-91EA-B92B09253226}.Release|Any CPU.ActiveCfg = Release|Any CPU
		{7F65C330-2E7D-48EE-91EA-B92B09253226}.Release|Any CPU.Build.0 = Release|Any CPU
	EndGlobalSection
	GlobalSection(SolutionProperties) = preSolution
		HideSolutionNode = FALSE
	EndGlobalSection
	GlobalSection(ExtensibilityGlobals) = postSolution
		SolutionGuid = {584989C8-2504-4BA6-A82F-366408B91835}
	EndGlobalSection
EndGlobal
